
Microsoft Visual Studio Solution File, Format Version 12.00
# Visual Studio Version 17
VisualStudioVersion = 17.0.32126.317
MinimumVisualStudioVersion = 10.0.40219.1
Project("{FAE04EC0-301F-11D3-BF4B-00C04F79EFBC}") = "SRP", "SRP\SRP.csproj", "{57B5F7EE-118C-4CC1-944E-F4E0EF670832}"
EndProject
Project("{FAE04EC0-301F-11D3-BF4B-00C04F79EFBC}") = "OCP", "OCP\OCP.csproj", "{17515FEB-94E3-4BF3-9090-5D88CF3BB342}"
EndProject
Project("{FAE04EC0-301F-11D3-BF4B-00C04F79EFBC}") = "LSP", "LSP\LSP.csproj", "{56BABEEA-2F72-4D29-B743-6ED34D8B1507}"
EndProject
Project("{FAE04EC0-301F-11D3-BF4B-00C04F79EFBC}") = "ISP", "ISP\ISP.csproj", "{71D3025B-7672-4229-971F-478EBC36714D}"
EndProject
Project("{FAE04EC0-301F-11D3-BF4B-00C04F79EFBC}") = "DIP", "DIP\DIP.csproj", "{B1771590-4441-45FD-9776-20BD92E50FB1}"
EndProject
Global
	GlobalSection(SolutionConfigurationPlatforms) = preSolution
		Debug|Any CPU = Debug|Any CPU
		Release|Any CPU = Release|Any CPU
	EndGlobalSection
	GlobalSection(ProjectConfigurationPlatforms) = postSolution
		{57B5F7EE-118C-4CC1-944E-F4E0EF670832}.Debug|Any CPU.ActiveCfg = Debug|Any CPU
		{57B5F7EE-118C-4CC1-944E-F4E0EF670832}.Debug|Any CPU.Build.0 = Debug|Any CPU
		{57B5F7EE-118C-4CC1-944E-F4E0EF670832}.Release|Any CPU.ActiveCfg = Release|Any CPU
		{57B5F7EE-118C-4CC1-944E-F4E0EF670832}.Release|Any CPU.Build.0 = Release|Any CPU
		{17515FEB-94E3-4BF3-9090-5D88CF3BB342}.Debug|Any CPU.ActiveCfg = Debug|Any CPU
		{17515FEB-94E3-4BF3-9090-5D88CF3BB342}.Debug|Any CPU.Build.0 = Debug|Any CPU
		{17515FEB-94E3-4BF3-9090-5D88CF3BB342}.Release|Any CPU.ActiveCfg = Release|Any CPU
		{17515FEB-94E3-4BF3-9090-5D88CF3BB342}.Release|Any CPU.Build.0 = Release|Any CPU
		{56BABEEA-2F72-4D29-B743-6ED34D8B1507}.Debug|Any CPU.ActiveCfg = Debug|Any CPU
		{56BABEEA-2F72-4D29-B743-6ED34D8B1507}.Debug|Any CPU.Build.0 = Debug|Any CPU
		{56BABEEA-2F72-4D29-B743-6ED34D8B1507}.Release|Any CPU.ActiveCfg = Release|Any CPU
		{56BABEEA-2F72-4D29-B743-6ED34D8B1507}.Release|Any CPU.Build.0 = Release|Any CPU
		{71D3025B-7672-4229-971F-478EBC36714D}.Debug|Any CPU.ActiveCfg = Debug|Any CPU
		{71D3025B-7672-4229-971F-478EBC36714D}.Debug|Any CPU.Build.0 = Debug|Any CPU
		{71D3025B-7672-4229-971F-478EBC36714D}.Release|Any CPU.ActiveCfg = Release|Any CPU
		{71D3025B-7672-4229-971F-478EBC36714D}.Release|Any CPU.Build.0 = Release|Any CPU
		{B1771590-4441-45FD-9776-20BD92E50FB1}.Debug|Any CPU.ActiveCfg = Debug|Any CPU
		{B1771590-4441-45FD-9776-20BD92E50FB1}.Debug|Any CPU.Build.0 = Debug|Any CPU
		{B1771590-4441-45FD-9776-20BD92E50FB1}.Release|Any CPU.ActiveCfg = Release|Any CPU
		{B1771590-4441-45FD-9776-20BD92E50FB1}.Release|Any CPU.Build.0 = Release|Any CPU
	EndGlobalSection
	GlobalSection(SolutionProperties) = preSolution
		HideSolutionNode = FALSE
	EndGlobalSection
	GlobalSection(ExtensibilityGlobals) = postSolution
		SolutionGuid = {623C3853-2DA9-49E1-916F-39B25EBEB0E3}
	EndGlobalSection
EndGlobal
